// !$*UTF8*$!
{
	archiveVersion = 1;
	classes = {
	};
	objectVersion = 50;
	objects = {

/* Begin PBXBuildFile section */
		958BE4FCADCDEDC3F5DABF64 /* Pods_BigBigNumbers.framework in Frameworks */ = {isa = PBXBuildFile; fileRef = A227DB011B24110FABADD93C /* Pods_BigBigNumbers.framework */; };
		D2D2856220B96690002F6A89 /* Assets.xcassets in Resources */ = {isa = PBXBuildFile; fileRef = D2D2855920B96690002F6A89 /* Assets.xcassets */; };
		D2D2856320B96690002F6A89 /* LaunchScreen.storyboard in Resources */ = {isa = PBXBuildFile; fileRef = D2D2855A20B96690002F6A89 /* LaunchScreen.storyboard */; };
		D2D2856420B96690002F6A89 /* Main.storyboard in Resources */ = {isa = PBXBuildFile; fileRef = D2D2855C20B96690002F6A89 /* Main.storyboard */; };
		D2D2856620B96690002F6A89 /* ViewController.swift in Sources */ = {isa = PBXBuildFile; fileRef = D2D2856020B96690002F6A89 /* ViewController.swift */; };
		D2D2856720B96690002F6A89 /* AppDelegate.swift in Sources */ = {isa = PBXBuildFile; fileRef = D2D2856120B96690002F6A89 /* AppDelegate.swift */; };
		D2D2856920B96AC0002F6A89 /* CameraController.swift in Sources */ = {isa = PBXBuildFile; fileRef = D2D2856820B96AC0002F6A89 /* CameraController.swift */; };
		D2D2856B20B96DC6002F6A89 /* ViewController+Extensions.swift in Sources */ = {isa = PBXBuildFile; fileRef = D2D2856A20B96DC6002F6A89 /* ViewController+Extensions.swift */; };
		D2D2856D20B970B7002F6A89 /* VisionService.swift in Sources */ = {isa = PBXBuildFile; fileRef = D2D2856C20B970B7002F6A89 /* VisionService.swift */; };
		D2D2856F20B9758F002F6A89 /* BoxService.swift in Sources */ = {isa = PBXBuildFile; fileRef = D2D2856E20B9758F002F6A89 /* BoxService.swift */; };
		D2D2857120B98750002F6A89 /* Image+Extension.swift in Sources */ = {isa = PBXBuildFile; fileRef = D2D2857020B98750002F6A89 /* Image+Extension.swift */; };
		D2D2857320B99A79002F6A89 /* OCRService.swift in Sources */ = {isa = PBXBuildFile; fileRef = D2D2857220B99A79002F6A89 /* OCRService.swift */; };
		D2D285A020B9A222002F6A89 /* libstdc++.tbd in Frameworks */ = {isa = PBXBuildFile; fileRef = D2D2859F20B9A222002F6A89 /* libstdc++.tbd */; };
		D2D285A220B9A22F002F6A89 /* CoreImage.framework in Frameworks */ = {isa = PBXBuildFile; fileRef = D2D285A120B9A22E002F6A89 /* CoreImage.framework */; };
		D2D285A420B9A234002F6A89 /* TesseractOCR.framework in Frameworks */ = {isa = PBXBuildFile; fileRef = D2D285A320B9A234002F6A89 /* TesseractOCR.framework */; };
		D2D285A720B9A279002F6A89 /* tessdata in Resources */ = {isa = PBXBuildFile; fileRef = D2D285A620B9A279002F6A89 /* tessdata */; };
		D2D285A920B9A488002F6A89 /* MusicService.swift in Sources */ = {isa = PBXBuildFile; fileRef = D2D285A820B9A488002F6A89 /* MusicService.swift */; };
/* End PBXBuildFile section */

/* Begin PBXFileReference section */
		7D8715398EDCF9B2BC04AECD /* Pods-BigBigNumbers.release.xcconfig */ = {isa = PBXFileReference; includeInIndex = 1; lastKnownFileType = text.xcconfig; name = "Pods-BigBigNumbers.release.xcconfig"; path = "Pods/Target Support Files/Pods-BigBigNumbers/Pods-BigBigNumbers.release.xcconfig"; sourceTree = "<group>"; };
		A227DB011B24110FABADD93C /* Pods_BigBigNumbers.framework */ = {isa = PBXFileReference; explicitFileType = wrapper.framework; includeInIndex = 0; path = Pods_BigBigNumbers.framework; sourceTree = BUILT_PRODUCTS_DIR; };
		D2D2854320B9661D002F6A89 /* BigBigNumbers.app */ = {isa = PBXFileReference; explicitFileType = wrapper.application; includeInIndex = 0; path = BigBigNumbers.app; sourceTree = BUILT_PRODUCTS_DIR; };
		D2D2855920B96690002F6A89 /* Assets.xcassets */ = {isa = PBXFileReference; lastKnownFileType = folder.assetcatalog; path = Assets.xcassets; sourceTree = "<group>"; };
		D2D2855B20B96690002F6A89 /* Base */ = {isa = PBXFileReference; lastKnownFileType = file.storyboard; name = Base; path = Base.lproj/LaunchScreen.storyboard; sourceTree = "<group>"; };
		D2D2855D20B96690002F6A89 /* Base */ = {isa = PBXFileReference; lastKnownFileType = file.storyboard; name = Base; path = Base.lproj/Main.storyboard; sourceTree = "<group>"; };
		D2D2855E20B96690002F6A89 /* Info.plist */ = {isa = PBXFileReference; fileEncoding = 4; lastKnownFileType = text.plist.xml; path = Info.plist; sourceTree = "<group>"; };
		D2D2856020B96690002F6A89 /* ViewController.swift */ = {isa = PBXFileReference; fileEncoding = 4; lastKnownFileType = sourcecode.swift; path = ViewController.swift; sourceTree = "<group>"; };
		D2D2856120B96690002F6A89 /* AppDelegate.swift */ = {isa = PBXFileReference; fileEncoding = 4; lastKnownFileType = sourcecode.swift; path = AppDelegate.swift; sourceTree = "<group>"; };
		D2D2856820B96AC0002F6A89 /* CameraController.swift */ = {isa = PBXFileReference; lastKnownFileType = sourcecode.swift; path = CameraController.swift; sourceTree = "<group>"; };
		D2D2856A20B96DC6002F6A89 /* ViewController+Extensions.swift */ = {isa = PBXFileReference; lastKnownFileType = sourcecode.swift; path = "ViewController+Extensions.swift"; sourceTree = "<group>"; };
		D2D2856C20B970B7002F6A89 /* VisionService.swift */ = {isa = PBXFileReference; lastKnownFileType = sourcecode.swift; path = VisionService.swift; sourceTree = "<group>"; };
		D2D2856E20B9758F002F6A89 /* BoxService.swift */ = {isa = PBXFileReference; lastKnownFileType = sourcecode.swift; path = BoxService.swift; sourceTree = "<group>"; };
		D2D2857020B98750002F6A89 /* Image+Extension.swift */ = {isa = PBXFileReference; lastKnownFileType = sourcecode.swift; path = "Image+Extension.swift"; sourceTree = "<group>"; };
		D2D2857220B99A79002F6A89 /* OCRService.swift */ = {isa = PBXFileReference; lastKnownFileType = sourcecode.swift; path = OCRService.swift; sourceTree = "<group>"; };
		D2D2859F20B9A222002F6A89 /* libstdc++.tbd */ = {isa = PBXFileReference; lastKnownFileType = "sourcecode.text-based-dylib-definition"; name = "libstdc++.tbd"; path = "usr/lib/libstdc++.tbd"; sourceTree = SDKROOT; };
		D2D285A120B9A22E002F6A89 /* CoreImage.framework */ = {isa = PBXFileReference; lastKnownFileType = wrapper.framework; name = CoreImage.framework; path = System/Library/Frameworks/CoreImage.framework; sourceTree = SDKROOT; };
		D2D285A320B9A234002F6A89 /* TesseractOCR.framework */ = {isa = PBXFileReference; explicitFileType = wrapper.framework; path = TesseractOCR.framework; sourceTree = BUILT_PRODUCTS_DIR; };
		D2D285A620B9A279002F6A89 /* tessdata */ = {isa = PBXFileReference; lastKnownFileType = folder; path = tessdata; sourceTree = "<group>"; };
		D2D285A820B9A488002F6A89 /* MusicService.swift */ = {isa = PBXFileReference; lastKnownFileType = sourcecode.swift; path = MusicService.swift; sourceTree = "<group>"; };
		FBA9520B90AC53B98A6C84B6 /* Pods-BigBigNumbers.debug.xcconfig */ = {isa = PBXFileReference; includeInIndex = 1; lastKnownFileType = text.xcconfig; name = "Pods-BigBigNumbers.debug.xcconfig"; path = "Pods/Target Support Files/Pods-BigBigNumbers/Pods-BigBigNumbers.debug.xcconfig"; sourceTree = "<group>"; };
/* End PBXFileReference section */

/* Begin PBXFrameworksBuildPhase section */
		D2D2854020B9661D002F6A89 /* Frameworks */ = {
			isa = PBXFrameworksBuildPhase;
			buildActionMask = 2147483647;
			files = (
				D2D285A420B9A234002F6A89 /* TesseractOCR.framework in Frameworks */,
				D2D285A220B9A22F002F6A89 /* CoreImage.framework in Frameworks */,
				D2D285A020B9A222002F6A89 /* libstdc++.tbd in Frameworks */,
				958BE4FCADCDEDC3F5DABF64 /* Pods_BigBigNumbers.framework in Frameworks */,
			);
			runOnlyForDeploymentPostprocessing = 0;
		};
/* End PBXFrameworksBuildPhase section */

/* Begin PBXGroup section */
		3740E0A505E9F41FB1D224C6 /* Pods */ = {
			isa = PBXGroup;
			children = (
				FBA9520B90AC53B98A6C84B6 /* Pods-BigBigNumbers.debug.xcconfig */,
				7D8715398EDCF9B2BC04AECD /* Pods-BigBigNumbers.release.xcconfig */,
			);
			name = Pods;
			sourceTree = "<group>";
		};
		7B6DF9115FF75AE20BAAE934 /* Frameworks */ = {
			isa = PBXGroup;
			children = (
				D2D285A320B9A234002F6A89 /* TesseractOCR.framework */,
				D2D285A120B9A22E002F6A89 /* CoreImage.framework */,
				D2D2859F20B9A222002F6A89 /* libstdc++.tbd */,
				A227DB011B24110FABADD93C /* Pods_BigBigNumbers.framework */,
			);
			name = Frameworks;
			sourceTree = "<group>";
		};
		D2D2853A20B9661D002F6A89 = {
			isa = PBXGroup;
			children = (
				D2D2855820B96690002F6A89 /* Resources */,
				D2D2855F20B96690002F6A89 /* Sources */,
				D2D2854420B9661D002F6A89 /* Products */,
				3740E0A505E9F41FB1D224C6 /* Pods */,
				7B6DF9115FF75AE20BAAE934 /* Frameworks */,
			);
			sourceTree = "<group>";
		};
		D2D2854420B9661D002F6A89 /* Products */ = {
			isa = PBXGroup;
			children = (
				D2D2854320B9661D002F6A89 /* BigBigNumbers.app */,
			);
			name = Products;
			sourceTree = "<group>";
		};
		D2D2855820B96690002F6A89 /* Resources */ = {
			isa = PBXGroup;
			children = (
				D2D285A620B9A279002F6A89 /* tessdata */,
				D2D2855920B96690002F6A89 /* Assets.xcassets */,
				D2D2855A20B96690002F6A89 /* LaunchScreen.storyboard */,
				D2D2855C20B96690002F6A89 /* Main.storyboard */,
				D2D2855E20B96690002F6A89 /* Info.plist */,
			);
			path = Resources;
			sourceTree = "<group>";
		};
		D2D2855F20B96690002F6A89 /* Sources */ = {
			isa = PBXGroup;
			children = (
				D2D2856020B96690002F6A89 /* ViewController.swift */,
				D2D2856120B96690002F6A89 /* AppDelegate.swift */,
				D2D2856820B96AC0002F6A89 /* CameraController.swift */,
				D2D2856A20B96DC6002F6A89 /* ViewController+Extensions.swift */,
				D2D2856C20B970B7002F6A89 /* VisionService.swift */,
				D2D2856E20B9758F002F6A89 /* BoxService.swift */,
				D2D2857020B98750002F6A89 /* Image+Extension.swift */,
				D2D2857220B99A79002F6A89 /* OCRService.swift */,
				D2D285A820B9A488002F6A89 /* MusicService.swift */,
			);
			path = Sources;
			sourceTree = "<group>";
		};
/* End PBXGroup section */

/* Begin PBXNativeTarget section */
		D2D2854220B9661D002F6A89 /* BigBigNumbers */ = {
			isa = PBXNativeTarget;
			buildConfigurationList = D2D2855520B9661E002F6A89 /* Build configuration list for PBXNativeTarget "BigBigNumbers" */;
			buildPhases = (
				F1EFEF71191273D3C2427099 /* [CP] Check Pods Manifest.lock */,
				D2D2853F20B9661D002F6A89 /* Sources */,
				D2D2854020B9661D002F6A89 /* Frameworks */,
				D2D2854120B9661D002F6A89 /* Resources */,
				40F3C7B68F8EB8CEB3A8F373 /* [CP] Embed Pods Frameworks */,
			);
			buildRules = (
			);
			dependencies = (
			);
			name = BigBigNumbers;
			productName = BigBigNumbers;
			productReference = D2D2854320B9661D002F6A89 /* BigBigNumbers.app */;
			productType = "com.apple.product-type.application";
		};
/* End PBXNativeTarget section */

/* Begin PBXProject section */
		D2D2853B20B9661D002F6A89 /* Project object */ = {
			isa = PBXProject;
			attributes = {
				LastSwiftUpdateCheck = 0930;
				LastUpgradeCheck = 0930;
				ORGANIZATIONNAME = onmyway133;
				TargetAttributes = {
					D2D2854220B9661D002F6A89 = {
						CreatedOnToolsVersion = 9.3.1;
					};
				};
			};
			buildConfigurationList = D2D2853E20B9661D002F6A89 /* Build configuration list for PBXProject "BigBigNumbers" */;
			compatibilityVersion = "Xcode 9.3";
			developmentRegion = en;
			hasScannedForEncodings = 0;
			knownRegions = (
				en,
				Base,
			);
			mainGroup = D2D2853A20B9661D002F6A89;
			productRefGroup = D2D2854420B9661D002F6A89 /* Products */;
			projectDirPath = "";
			projectRoot = "";
			targets = (
				D2D2854220B9661D002F6A89 /* BigBigNumbers */,
			);
		};
/* End PBXProject section */

/* Begin PBXResourcesBuildPhase section */
		D2D2854120B9661D002F6A89 /* Resources */ = {
			isa = PBXResourcesBuildPhase;
			buildActionMask = 2147483647;
			files = (
				D2D2856420B96690002F6A89 /* Main.storyboard in Resources */,
				D2D285A720B9A279002F6A89 /* tessdata in Resources */,
				D2D2856220B96690002F6A89 /* Assets.xcassets in Resources */,
				D2D2856320B96690002F6A89 /* LaunchScreen.storyboard in Resources */,
			);
			runOnlyForDeploymentPostprocessing = 0;
		};
/* End PBXResourcesBuildPhase section */

/* Begin PBXShellScriptBuildPhase section */
		40F3C7B68F8EB8CEB3A8F373 /* [CP] Embed Pods Frameworks */ = {
			isa = PBXShellScriptBuildPhase;
			buildActionMask = 2147483647;
			files = (
			);
			inputPaths = (
				"${SRCROOT}/Pods/Target Support Files/Pods-BigBigNumbers/Pods-BigBigNumbers-frameworks.sh",
				"${BUILT_PRODUCTS_DIR}/Anchors/Anchors.framework",
				"${BUILT_PRODUCTS_DIR}/GPUImage/GPUImage.framework",
				"${BUILT_PRODUCTS_DIR}/SwiftOCR/SwiftOCR.framework",
				"${BUILT_PRODUCTS_DIR}/TesseractOCRiOS/TesseractOCR.framework",
			);
			name = "[CP] Embed Pods Frameworks";
			outputPaths = (
				"${TARGET_BUILD_DIR}/${FRAMEWORKS_FOLDER_PATH}/Anchors.framework",
				"${TARGET_BUILD_DIR}/${FRAMEWORKS_FOLDER_PATH}/GPUImage.framework",
				"${TARGET_BUILD_DIR}/${FRAMEWORKS_FOLDER_PATH}/SwiftOCR.framework",
				"${TARGET_BUILD_DIR}/${FRAMEWORKS_FOLDER_PATH}/TesseractOCR.framework",
			);
			runOnlyForDeploymentPostprocessing = 0;
			shellPath = /bin/sh;
			shellScript = "\"${SRCROOT}/Pods/Target Support Files/Pods-BigBigNumbers/Pods-BigBigNumbers-frameworks.sh\"\n";
			showEnvVarsInLog = 0;
		};
		F1EFEF71191273D3C2427099 /* [CP] Check Pods Manifest.lock */ = {
			isa = PBXShellScriptBuildPhase;
			buildActionMask = 2147483647;
			files = (
			);
			inputPaths = (
				"${PODS_PODFILE_DIR_PATH}/Podfile.lock",
				"${PODS_ROOT}/Manifest.lock",
			);
			name = "[CP] Check Pods Manifest.lock";
			outputPaths = (
				"$(DERIVED_FILE_DIR)/Pods-BigBigNumbers-checkManifestLockResult.txt",
			);
			runOnlyForDeploymentPostprocessing = 0;
			shellPath = /bin/sh;
			shellScript = "diff \"${PODS_PODFILE_DIR_PATH}/Podfile.lock\" \"${PODS_ROOT}/Manifest.lock\" > /dev/null\nif [ $? != 0 ] ; then\n    # print error to STDERR\n    echo \"error: The sandbox is not in sync with the Podfile.lock. Run 'pod install' or update your CocoaPods installation.\" >&2\n    exit 1\nfi\n# This output is used by Xcode 'outputs' to avoid re-running this script phase.\necho \"SUCCESS\" > \"${SCRIPT_OUTPUT_FILE_0}\"\n";
			showEnvVarsInLog = 0;
		};
/* End PBXShellScriptBuildPhase section */

/* Begin PBXSourcesBuildPhase section */
		D2D2853F20B9661D002F6A89 /* Sources */ = {
			isa = PBXSourcesBuildPhase;
			buildActionMask = 2147483647;
			files = (
				D2D2857320B99A79002F6A89 /* OCRService.swift in Sources */,
				D2D285A920B9A488002F6A89 /* MusicService.swift in Sources */,
				D2D2857120B98750002F6A89 /* Image+Extension.swift in Sources */,
				D2D2856F20B9758F002F6A89 /* BoxService.swift in Sources */,
				D2D2856B20B96DC6002F6A89 /* ViewController+Extensions.swift in Sources */,
				D2D2856920B96AC0002F6A89 /* CameraController.swift in Sources */,
				D2D2856720B96690002F6A89 /* AppDelegate.swift in Sources */,
				D2D2856620B96690002F6A89 /* ViewController.swift in Sources */,
				D2D2856D20B970B7002F6A89 /* VisionService.swift in Sources */,
			);
			runOnlyForDeploymentPostprocessing = 0;
		};
/* End PBXSourcesBuildPhase section */

/* Begin PBXVariantGroup section */
		D2D2855A20B96690002F6A89 /* LaunchScreen.storyboard */ = {
			isa = PBXVariantGroup;
			children = (
				D2D2855B20B96690002F6A89 /* Base */,
			);
			name = LaunchScreen.storyboard;
			sourceTree = "<group>";
		};
		D2D2855C20B96690002F6A89 /* Main.storyboard */ = {
			isa = PBXVariantGroup;
			children = (
				D2D2855D20B96690002F6A89 /* Base */,
			);
			name = Main.storyboard;
			sourceTree = "<group>";
		};
/* End PBXVariantGroup section */

/* Begin XCBuildConfiguration section */
		D2D2855320B9661E002F6A89 /* Debug */ = {
			isa = XCBuildConfiguration;
			buildSettings = {
				ALWAYS_SEARCH_USER_PATHS = NO;
				CLANG_ANALYZER_NONNULL = YES;
				CLANG_ANALYZER_NUMBER_OBJECT_CONVERSION = YES_AGGRESSIVE;
				CLANG_CXX_LANGUAGE_STANDARD = "gnu++14";
				CLANG_CXX_LIBRARY = "libc++";
				CLANG_ENABLE_MODULES = YES;
				CLANG_ENABLE_OBJC_ARC = YES;
				CLANG_ENABLE_OBJC_WEAK = YES;
				CLANG_WARN_BLOCK_CAPTURE_AUTORELEASING = YES;
				CLANG_WARN_BOOL_CONVERSION = YES;
				CLANG_WARN_COMMA = YES;
				CLANG_WARN_CONSTANT_CONVERSION = YES;
				CLANG_WARN_DEPRECATED_OBJC_IMPLEMENTATIONS = YES;
				CLANG_WARN_DIRECT_OBJC_ISA_USAGE = YES_ERROR;
				CLANG_WARN_DOCUMENTATION_COMMENTS = YES;
				CLANG_WARN_EMPTY_BODY = YES;
				CLANG_WARN_ENUM_CONVERSION = YES;
				CLANG_WARN_INFINITE_RECURSION = YES;
				CLANG_WARN_INT_CONVERSION = YES;
				CLANG_WARN_NON_LITERAL_NULL_CONVERSION = YES;
				CLANG_WARN_OBJC_IMPLICIT_RETAIN_SELF = YES;
				CLANG_WARN_OBJC_LITERAL_CONVERSION = YES;
				CLANG_WARN_OBJC_ROOT_CLASS = YES_ERROR;
				CLANG_WARN_RANGE_LOOP_ANALYSIS = YES;
				CLANG_WARN_STRICT_PROTOTYPES = YES;
				CLANG_WARN_SUSPICIOUS_MOVE = YES;
				CLANG_WARN_UNGUARDED_AVAILABILITY = YES_AGGRESSIVE;
				CLANG_WARN_UNREACHABLE_CODE = YES;
				CLANG_WARN__DUPLICATE_METHOD_MATCH = YES;
				CODE_SIGN_IDENTITY = "iPhone Developer";
				COPY_PHASE_STRIP = NO;
				DEBUG_INFORMATION_FORMAT = dwarf;
				ENABLE_STRICT_OBJC_MSGSEND = YES;
				ENABLE_TESTABILITY = YES;
				GCC_C_LANGUAGE_STANDARD = gnu11;
				GCC_DYNAMIC_NO_PIC = NO;
				GCC_NO_COMMON_BLOCKS = YES;
				GCC_OPTIMIZATION_LEVEL = 0;
				GCC_PREPROCESSOR_DEFINITIONS = (
					"DEBUG=1",
					"$(inherited)",
				);
				GCC_WARN_64_TO_32_BIT_CONVERSION = YES;
				GCC_WARN_ABOUT_RETURN_TYPE = YES_ERROR;
				GCC_WARN_UNDECLARED_SELECTOR = YES;
				GCC_WARN_UNINITIALIZED_AUTOS = YES_AGGRESSIVE;
				GCC_WARN_UNUSED_FUNCTION = YES;
				GCC_WARN_UNUSED_VARIABLE = YES;
				IPHONEOS_DEPLOYMENT_TARGET = 11.3;
				MTL_ENABLE_DEBUG_INFO = YES;
				ONLY_ACTIVE_ARCH = YES;
				SDKROOT = iphoneos;
				SWIFT_ACTIVE_COMPILATION_CONDITIONS = DEBUG;
				SWIFT_OPTIMIZATION_LEVEL = "-Onone";
			};
			name = Debug;
		};
		D2D2855420B9661E002F6A89 /* Release */ = {
			isa = XCBuildConfiguration;
			buildSettings = {
				ALWAYS_SEARCH_USER_PATHS = NO;
				CLANG_ANALYZER_NONNULL = YES;
				CLANG_ANALYZER_NUMBER_OBJECT_CONVERSION = YES_AGGRESSIVE;
				CLANG_CXX_LANGUAGE_STANDARD = "gnu++14";
				CLANG_CXX_LIBRARY = "libc++";
				CLANG_ENABLE_MODULES = YES;
				CLANG_ENABLE_OBJC_ARC = YES;
				CLANG_ENABLE_OBJC_WEAK = YES;
				CLANG_WARN_BLOCK_CAPTURE_AUTORELEASING = YES;
				CLANG_WARN_BOOL_CONVERSION = YES;
				CLANG_WARN_COMMA = YES;
				CLANG_WARN_CONSTANT_CONVERSION = YES;
				CLANG_WARN_DEPRECATED_OBJC_IMPLEMENTATIONS = YES;
				CLANG_WARN_DIRECT_OBJC_ISA_USAGE = YES_ERROR;
				CLANG_WARN_DOCUMENTATION_COMMENTS = YES;
				CLANG_WARN_EMPTY_BODY = YES;
				CLANG_WARN_ENUM_CONVERSION = YES;
				CLANG_WARN_INFINITE_RECURSION = YES;
				CLANG_WARN_INT_CONVERSION = YES;
				CLANG_WARN_NON_LITERAL_NULL_CONVERSION = YES;
				CLANG_WARN_OBJC_IMPLICIT_RETAIN_SELF = YES;
				CLANG_WARN_OBJC_LITERAL_CONVERSION = YES;
				CLANG_WARN_OBJC_ROOT_CLASS = YES_ERROR;
				CLANG_WARN_RANGE_LOOP_ANALYSIS = YES;
				CLANG_WARN_STRICT_PROTOTYPES = YES;
				CLANG_WARN_SUSPICIOUS_MOVE = YES;
				CLANG_WARN_UNGUARDED_AVAILABILITY = YES_AGGRESSIVE;
				CLANG_WARN_UNREACHABLE_CODE = YES;
				CLANG_WARN__DUPLICATE_METHOD_MATCH = YES;
				CODE_SIGN_IDENTITY = "iPhone Developer";
				COPY_PHASE_STRIP = NO;
				DEBUG_INFORMATION_FORMAT = "dwarf-with-dsym";
				ENABLE_NS_ASSERTIONS = NO;
				ENABLE_STRICT_OBJC_MSGSEND = YES;
				GCC_C_LANGUAGE_STANDARD = gnu11;
				GCC_NO_COMMON_BLOCKS = YES;
				GCC_WARN_64_TO_32_BIT_CONVERSION = YES;
				GCC_WARN_ABOUT_RETURN_TYPE = YES_ERROR;
				GCC_WARN_UNDECLARED_SELECTOR = YES;
				GCC_WARN_UNINITIALIZED_AUTOS = YES_AGGRESSIVE;
				GCC_WARN_UNUSED_FUNCTION = YES;
				GCC_WARN_UNUSED_VARIABLE = YES;
				IPHONEOS_DEPLOYMENT_TARGET = 11.3;
				MTL_ENABLE_DEBUG_INFO = NO;
				SDKROOT = iphoneos;
				SWIFT_COMPILATION_MODE = wholemodule;
				SWIFT_OPTIMIZATION_LEVEL = "-O";
				VALIDATE_PRODUCT = YES;
			};
			name = Release;
		};
		D2D2855620B9661E002F6A89 /* Debug */ = {
			isa = XCBuildConfiguration;
			baseConfigurationReference = FBA9520B90AC53B98A6C84B6 /* Pods-BigBigNumbers.debug.xcconfig */;
			buildSettings = {
				ASSETCATALOG_COMPILER_APPICON_NAME = AppIcon;
				CODE_SIGN_STYLE = Automatic;
				DEVELOPMENT_TEAM = T78DK947F2;
				ENABLE_BITCODE = NO;
				INFOPLIST_FILE = "$(SRCROOT)/Resources/Info.plist";
				LD_RUNPATH_SEARCH_PATHS = (
					"$(inherited)",
					"@executable_path/Frameworks",
				);
				PRODUCT_BUNDLE_IDENTIFIER = no.onmyway133.BigBigNumbers;
				PRODUCT_NAME = "$(TARGET_NAME)";
				SWIFT_VERSION = 4.0;
				TARGETED_DEVICE_FAMILY = 1;
			};
			name = Debug;
		};
		D2D2855720B9661E002F6A89 /* Release */ = {
			isa = XCBuildConfiguration;
			baseConfigurationReference = 7D8715398EDCF9B2BC04AECD /* Pods-BigBigNumbers.release.xcconfig */;
			buildSettings = {
				ASSETCATALOG_COMPILER_APPICON_NAME = AppIcon;
				CODE_SIGN_STYLE = Automatic;
				DEVELOPMENT_TEAM = T78DK947F2;
				ENABLE_BITCODE = NO;
				INFOPLIST_FILE = "$(SRCROOT)/Resources/Info.plist";
				LD_RUNPATH_SEARCH_PATHS = (
					"$(inherited)",
					"@executable_path/Frameworks",
				);
				PRODUCT_BUNDLE_IDENTIFIER = no.onmyway133.BigBigNumbers;
				PRODUCT_NAME = "$(TARGET_NAME)";
				SWIFT_VERSION = 4.0;
				TARGETED_DEVICE_FAMILY = 1;
			};
			name = Release;
		};
/* End XCBuildConfiguration section */

/* Begin XCConfigurationList section */
		D2D2853E20B9661D002F6A89 /* Build configuration list for PBXProject "BigBigNumbers" */ = {
			isa = XCConfigurationList;
			buildConfigurations = (
				D2D2855320B9661E002F6A89 /* Debug */,
				D2D2855420B9661E002F6A89 /* Release */,
			);
			defaultConfigurationIsVisible = 0;
			defaultConfigurationName = Release;
		};
		D2D2855520B9661E002F6A89 /* Build configuration list for PBXNativeTarget "BigBigNumbers" */ = {
			isa = XCConfigurationList;
			buildConfigurations = (
				D2D2855620B9661E002F6A89 /* Debug */,
				D2D2855720B9661E002F6A89 /* Release */,
			);
			defaultConfigurationIsVisible = 0;
			defaultConfigurationName = Release;
		};
/* End XCConfigurationList section */
	};
	rootObject = D2D2853B20B9661D002F6A89 /* Project object */;
}
